
Microsoft Visual Studio Solution File, Format Version 11.00
# Visual Studio 2010
Project("{FAE04EC0-301F-11D3-BF4B-00C04F79EFBC}") = "Episode 10 - threading", "Assembly-CSharp-firstpass.csproj", "{736C2C92-C73C-541E-50EC-E24C78746F95}"
EndProject
Project("{FAE04EC0-301F-11D3-BF4B-00C04F79EFBC}") = "Episode 10 - threading", "Assembly-CSharp.csproj", "{24B3B691-EA7D-9C26-0A80-E95A9EFDC06B}"
EndProject
Project("{FAE04EC0-301F-11D3-BF4B-00C04F79EFBC}") = "Episode 10 - threading", "Assembly-CSharp-Editor-firstpass.csproj", "{11E44467-D5AA-9A23-7103-6DDAD715FEB3}"
EndProject
Global
	GlobalSection(SolutionConfigurationPlatforms) = preSolution
		Debug|Any CPU = Debug|Any CPU
		Release|Any CPU = Release|Any CPU
	EndGlobalSection
	GlobalSection(ProjectConfigurationPlatforms) = postSolution
		{736C2C92-C73C-541E-50EC-E24C78746F95}.Debug|Any CPU.ActiveCfg = Debug|Any CPU
		{736C2C92-C73C-541E-50EC-E24C78746F95}.Debug|Any CPU.Build.0 = Debug|Any CPU
		{736C2C92-C73C-541E-50EC-E24C78746F95}.Release|Any CPU.ActiveCfg = Release|Any CPU
		{736C2C92-C73C-541E-50EC-E24C78746F95}.Release|Any CPU.Build.0 = Release|Any CPU
		{24B3B691-EA7D-9C26-0A80-E95A9EFDC06B}.Debug|Any CPU.ActiveCfg = Debug|Any CPU
		{24B3B691-EA7D-9C26-0A80-E95A9EFDC06B}.Debug|Any CPU.Build.0 = Debug|Any CPU
		{24B3B691-EA7D-9C26-0A80-E95A9EFDC06B}.Release|Any CPU.ActiveCfg = Release|Any CPU
		{24B3B691-EA7D-9C26-0A80-E95A9EFDC06B}.Release|Any CPU.Build.0 = Release|Any CPU
		{11E44467-D5AA-9A23-7103-6DDAD715FEB3}.Debug|Any CPU.ActiveCfg = Debug|Any CPU
		{11E44467-D5AA-9A23-7103-6DDAD715FEB3}.Debug|Any CPU.Build.0 = Debug|Any CPU
		{11E44467-D5AA-9A23-7103-6DDAD715FEB3}.Release|Any CPU.ActiveCfg = Release|Any CPU
		{11E44467-D5AA-9A23-7103-6DDAD715FEB3}.Release|Any CPU.Build.0 = Release|Any CPU
	EndGlobalSection
	GlobalSection(SolutionProperties) = preSolution
		HideSolutionNode = FALSE
	EndGlobalSection
	GlobalSection(MonoDevelopProperties) = preSolution
		StartupItem = Assembly-CSharp.csproj
	EndGlobalSection
EndGlobal
